
Microsoft Visual Studio Solution File, Format Version 12.00
# Visual Studio Version 17
VisualStudioVersion = 17.9.34616.47
MinimumVisualStudioVersion = 10.0.40219.1
Project("{FAE04EC0-301F-11D3-BF4B-00C04F79EFBC}") = "Delivery.Api", "Delivery.Api.csproj", "{3B8CD0D3-D64C-4984-8F8A-749A0A31C7F7}"
EndProject
Global
	GlobalSection(SolutionConfigurationPlatforms) = preSolution
		Debug|Any CPU = Debug|Any CPU
		Release|Any CPU = Release|Any CPU
	EndGlobalSection
	GlobalSection(ProjectConfigurationPlatforms) = postSolution
		{3B8CD0D3-D64C-4984-8F8A-749A0A31C7F7}.Debug|Any CPU.ActiveCfg = Debug|Any CPU
		{3B8CD0D3-D64C-4984-8F8A-749A0A31C7F7}.Debug|Any CPU.Build.0 = Debug|Any CPU
		{3B8CD0D3-D64C-4984-8F8A-749A0A31C7F7}.Release|Any CPU.ActiveCfg = Release|Any CPU
		{3B8CD0D3-D64C-4984-8F8A-749A0A31C7F7}.Release|Any CPU.Build.0 = Release|Any CPU
	EndGlobalSection
	GlobalSection(SolutionProperties) = preSolution
		HideSolutionNode = FALSE
	EndGlobalSection
	GlobalSection(ExtensibilityGlobals) = postSolution
		SolutionGuid = {F25AC8F3-D337-4D99-951D-49B54742221C}
	EndGlobalSection
EndGlobal
